
Microsoft Visual Studio Solution File, Format Version 12.00
# Visual Studio Version 16
VisualStudioVersion = 16.0.29403.142
MinimumVisualStudioVersion = 10.0.40219.1
Project("{8BC9CEB8-8B4A-11D0-8D11-00A0C91BC942}") = "Client", "Client\Client.vcxproj", "{9BF6CD05-63DA-49CF-905E-B82F5F24AC6E}"
EndProject
Global
	GlobalSection(SolutionConfigurationPlatforms) = preSolution
		Debug|x64 = Debug|x64
		Release|x64 = Release|x64
	EndGlobalSection
	GlobalSection(ProjectConfigurationPlatforms) = postSolution
		{9BF6CD05-63DA-49CF-905E-B82F5F24AC6E}.Debug|x64.ActiveCfg = Debug|x64
		{9BF6CD05-63DA-49CF-905E-B82F5F24AC6E}.Debug|x64.Build.0 = Debug|x64
		{9BF6CD05-63DA-49CF-905E-B82F5F24AC6E}.Release|x64.ActiveCfg = Release|x64
		{9BF6CD05-63DA-49CF-905E-B82F5F24AC6E}.Release|x64.Build.0 = Release|x64
	EndGlobalSection
	GlobalSection(SolutionProperties) = preSolution
		HideSolutionNode = FALSE
	EndGlobalSection
	GlobalSection(ExtensibilityGlobals) = postSolution
		SolutionGuid = {D6542325-B9BC-4057-A6CD-43137A5535C1}
	EndGlobalSection
EndGlobal
